
Microsoft Visual Studio Solution File, Format Version 12.00
# Visual Studio Version 17
VisualStudioVersion = 17.13.35818.85 d17.13
MinimumVisualStudioVersion = 10.0.40219.1
Project("{8BC9CEB8-8B4A-11D0-8D11-00A0C91BC942}") = "dynamic-array-pointer", "dynamic-array-pointer\dynamic-array-pointer.vcxproj", "{F9A61C8D-8A2F-4B3E-A76E-385DA596E3FE}"
EndProject
Global
	GlobalSection(SolutionConfigurationPlatforms) = preSolution
		Debug|x64 = Debug|x64
		Debug|x86 = Debug|x86
		Release|x64 = Release|x64
		Release|x86 = Release|x86
	EndGlobalSection
	GlobalSection(ProjectConfigurationPlatforms) = postSolution
		{F9A61C8D-8A2F-4B3E-A76E-385DA596E3FE}.Debug|x64.ActiveCfg = Debug|x64
		{F9A61C8D-8A2F-4B3E-A76E-385DA596E3FE}.Debug|x64.Build.0 = Debug|x64
		{F9A61C8D-8A2F-4B3E-A76E-385DA596E3FE}.Debug|x86.ActiveCfg = Debug|Win32
		{F9A61C8D-8A2F-4B3E-A76E-385DA596E3FE}.Debug|x86.Build.0 = Debug|Win32
		{F9A61C8D-8A2F-4B3E-A76E-385DA596E3FE}.Release|x64.ActiveCfg = Release|x64
		{F9A61C8D-8A2F-4B3E-A76E-385DA596E3FE}.Release|x64.Build.0 = Release|x64
		{F9A61C8D-8A2F-4B3E-A76E-385DA596E3FE}.Release|x86.ActiveCfg = Release|Win32
		{F9A61C8D-8A2F-4B3E-A76E-385DA596E3FE}.Release|x86.Build.0 = Release|Win32
	EndGlobalSection
	GlobalSection(SolutionProperties) = preSolution
		HideSolutionNode = FALSE
	EndGlobalSection
	GlobalSection(ExtensibilityGlobals) = postSolution
		SolutionGuid = {AF0B65F8-B127-4B82-AE0E-BFAAFFAFE425}
	EndGlobalSection
EndGlobal
